
Microsoft Visual Studio Solution File, Format Version 12.00
# Visual Studio Version 17
VisualStudioVersion = 17.9.34607.119
MinimumVisualStudioVersion = 10.0.40219.1
Project("{FAE04EC0-301F-11D3-BF4B-00C04F79EFBC}") = "AspCoreApiSimpleApp", "AspCoreApiSimpleApp\AspCoreApiSimpleApp.csproj", "{9A69C1C7-7F4E-4579-AFD5-3484E023DCBB}"
EndProject
Global
	GlobalSection(SolutionConfigurationPlatforms) = preSolution
		Debug|Any CPU = Debug|Any CPU
		Release|Any CPU = Release|Any CPU
	EndGlobalSection
	GlobalSection(ProjectConfigurationPlatforms) = postSolution
		{9A69C1C7-7F4E-4579-AFD5-3484E023DCBB}.Debug|Any CPU.ActiveCfg = Debug|Any CPU
		{9A69C1C7-7F4E-4579-AFD5-3484E023DCBB}.Debug|Any CPU.Build.0 = Debug|Any CPU
		{9A69C1C7-7F4E-4579-AFD5-3484E023DCBB}.Release|Any CPU.ActiveCfg = Release|Any CPU
		{9A69C1C7-7F4E-4579-AFD5-3484E023DCBB}.Release|Any CPU.Build.0 = Release|Any CPU
	EndGlobalSection
	GlobalSection(SolutionProperties) = preSolution
		HideSolutionNode = FALSE
	EndGlobalSection
	GlobalSection(ExtensibilityGlobals) = postSolution
		SolutionGuid = {55F58EEC-9AAC-4881-ADEC-BA4CF6B51727}
	EndGlobalSection
EndGlobal
